// !$*UTF8*$!
{
	archiveVersion = 1;
	classes = {
	};
	objectVersion = 50;
	objects = {

/* Begin PBXBuildFile section */
		BD858C8B250411EB008FA76A /* AppDelegate.swift in Sources */ = {isa = PBXBuildFile; fileRef = BD858C8A250411EB008FA76A /* AppDelegate.swift */; };
		BD858C8D250411EB008FA76A /* SceneDelegate.swift in Sources */ = {isa = PBXBuildFile; fileRef = BD858C8C250411EB008FA76A /* SceneDelegate.swift */; };
		BD858C92250411EB008FA76A /* Main.storyboard in Resources */ = {isa = PBXBuildFile; fileRef = BD858C90250411EB008FA76A /* Main.storyboard */; };
		BD858C95250411EB008FA76A /* Trivia_App.xcdatamodeld in Sources */ = {isa = PBXBuildFile; fileRef = BD858C93250411EB008FA76A /* Trivia_App.xcdatamodeld */; };
		BD858C97250411ED008FA76A /* Assets.xcassets in Resources */ = {isa = PBXBuildFile; fileRef = BD858C96250411ED008FA76A /* Assets.xcassets */; };
		BD858C9A250411ED008FA76A /* LaunchScreen.storyboard in Resources */ = {isa = PBXBuildFile; fileRef = BD858C98250411ED008FA76A /* LaunchScreen.storyboard */; };
		BD858CA225041234008FA76A /* PersistenceService.swift in Sources */ = {isa = PBXBuildFile; fileRef = BD858CA125041234008FA76A /* PersistenceService.swift */; };
		BD858CA42504166F008FA76A /* HomeViewController.swift in Sources */ = {isa = PBXBuildFile; fileRef = BD858CA32504166F008FA76A /* HomeViewController.swift */; };
		BD858CA7250416E8008FA76A /* RoundOneVC.swift in Sources */ = {isa = PBXBuildFile; fileRef = BD858CA6250416E8008FA76A /* RoundOneVC.swift */; };
		BD858CA9250416F9008FA76A /* RoundTwoVC.swift in Sources */ = {isa = PBXBuildFile; fileRef = BD858CA8250416F9008FA76A /* RoundTwoVC.swift */; };
		BD858CAB25041710008FA76A /* ResultViewController.swift in Sources */ = {isa = PBXBuildFile; fileRef = BD858CAA25041710008FA76A /* ResultViewController.swift */; };
		BD858CAD25041720008FA76A /* HistoryViewController.swift in Sources */ = {isa = PBXBuildFile; fileRef = BD858CAC25041720008FA76A /* HistoryViewController.swift */; };
		BD858CAF25041C1F008FA76A /* Constant.swift in Sources */ = {isa = PBXBuildFile; fileRef = BD858CAE25041C1F008FA76A /* Constant.swift */; };
		BD858CB225041FA1008FA76A /* CheckBoxCell.swift in Sources */ = {isa = PBXBuildFile; fileRef = BD858CB025041FA1008FA76A /* CheckBoxCell.swift */; };
		BD858CB325041FA1008FA76A /* CheckBoxCell.xib in Resources */ = {isa = PBXBuildFile; fileRef = BD858CB125041FA1008FA76A /* CheckBoxCell.xib */; };
		BD858CB625042915008FA76A /* HistoryCell.swift in Sources */ = {isa = PBXBuildFile; fileRef = BD858CB425042915008FA76A /* HistoryCell.swift */; };
		BD858CB725042915008FA76A /* HistoryCell.xib in Resources */ = {isa = PBXBuildFile; fileRef = BD858CB525042915008FA76A /* HistoryCell.xib */; };
		BD858CBA250433BD008FA76A /* GameDetail+CoreDataClass.swift in Sources */ = {isa = PBXBuildFile; fileRef = BD858CB8250433BD008FA76A /* GameDetail+CoreDataClass.swift */; };
		BD858CBB250433BD008FA76A /* GameDetail+CoreDataProperties.swift in Sources */ = {isa = PBXBuildFile; fileRef = BD858CB9250433BD008FA76A /* GameDetail+CoreDataProperties.swift */; };
		BD858CBE250434E7008FA76A /* GameDetailsModel.swift in Sources */ = {isa = PBXBuildFile; fileRef = BD858CBD250434E7008FA76A /* GameDetailsModel.swift */; };
/* End PBXBuildFile section */

/* Begin PBXFileReference section */
		BD858C87250411EB008FA76A /* Trivia App.app */ = {isa = PBXFileReference; explicitFileType = wrapper.application; includeInIndex = 0; path = "Trivia App.app"; sourceTree = BUILT_PRODUCTS_DIR; };
		BD858C8A250411EB008FA76A /* AppDelegate.swift */ = {isa = PBXFileReference; lastKnownFileType = sourcecode.swift; path = AppDelegate.swift; sourceTree = "<group>"; };
		BD858C8C250411EB008FA76A /* SceneDelegate.swift */ = {isa = PBXFileReference; lastKnownFileType = sourcecode.swift; path = SceneDelegate.swift; sourceTree = "<group>"; };
		BD858C91250411EB008FA76A /* Base */ = {isa = PBXFileReference; lastKnownFileType = file.storyboard; name = Base; path = Base.lproj/Main.storyboard; sourceTree = "<group>"; };
		BD858C94250411EB008FA76A /* Trivia_App.xcdatamodel */ = {isa = PBXFileReference; lastKnownFileType = wrapper.xcdatamodel; path = Trivia_App.xcdatamodel; sourceTree = "<group>"; };
		BD858C96250411ED008FA76A /* Assets.xcassets */ = {isa = PBXFileReference; lastKnownFileType = folder.assetcatalog; path = Assets.xcassets; sourceTree = "<group>"; };
		BD858C99250411ED008FA76A /* Base */ = {isa = PBXFileReference; lastKnownFileType = file.storyboard; name = Base; path = Base.lproj/LaunchScreen.storyboard; sourceTree = "<group>"; };
		BD858C9B250411ED008FA76A /* Info.plist */ = {isa = PBXFileReference; lastKnownFileType = text.plist.xml; path = Info.plist; sourceTree = "<group>"; };
		BD858CA125041234008FA76A /* PersistenceService.swift */ = {isa = PBXFileReference; lastKnownFileType = sourcecode.swift; path = PersistenceService.swift; sourceTree = "<group>"; };
		BD858CA32504166F008FA76A /* HomeViewController.swift */ = {isa = PBXFileReference; lastKnownFileType = sourcecode.swift; path = HomeViewController.swift; sourceTree = "<group>"; };
		BD858CA6250416E8008FA76A /* RoundOneVC.swift */ = {isa = PBXFileReference; lastKnownFileType = sourcecode.swift; path = RoundOneVC.swift; sourceTree = "<group>"; };
		BD858CA8250416F9008FA76A /* RoundTwoVC.swift */ = {isa = PBXFileReference; lastKnownFileType = sourcecode.swift; path = RoundTwoVC.swift; sourceTree = "<group>"; };
		BD858CAA25041710008FA76A /* ResultViewController.swift */ = {isa = PBXFileReference; lastKnownFileType = sourcecode.swift; path = ResultViewController.swift; sourceTree = "<group>"; };
		BD858CAC25041720008FA76A /* HistoryViewController.swift */ = {isa = PBXFileReference; lastKnownFileType = sourcecode.swift; path = HistoryViewController.swift; sourceTree = "<group>"; };
		BD858CAE25041C1F008FA76A /* Constant.swift */ = {isa = PBXFileReference; lastKnownFileType = sourcecode.swift; path = Constant.swift; sourceTree = "<group>"; };
		BD858CB025041FA1008FA76A /* CheckBoxCell.swift */ = {isa = PBXFileReference; lastKnownFileType = sourcecode.swift; path = CheckBoxCell.swift; sourceTree = "<group>"; };
		BD858CB125041FA1008FA76A /* CheckBoxCell.xib */ = {isa = PBXFileReference; lastKnownFileType = file.xib; path = CheckBoxCell.xib; sourceTree = "<group>"; };
		BD858CB425042915008FA76A /* HistoryCell.swift */ = {isa = PBXFileReference; lastKnownFileType = sourcecode.swift; path = HistoryCell.swift; sourceTree = "<group>"; };
		BD858CB525042915008FA76A /* HistoryCell.xib */ = {isa = PBXFileReference; lastKnownFileType = file.xib; path = HistoryCell.xib; sourceTree = "<group>"; };
		BD858CB8250433BD008FA76A /* GameDetail+CoreDataClass.swift */ = {isa = PBXFileReference; lastKnownFileType = sourcecode.swift; path = "GameDetail+CoreDataClass.swift"; sourceTree = "<group>"; };
		BD858CB9250433BD008FA76A /* GameDetail+CoreDataProperties.swift */ = {isa = PBXFileReference; lastKnownFileType = sourcecode.swift; path = "GameDetail+CoreDataProperties.swift"; sourceTree = "<group>"; };
		BD858CBD250434E7008FA76A /* GameDetailsModel.swift */ = {isa = PBXFileReference; lastKnownFileType = sourcecode.swift; path = GameDetailsModel.swift; sourceTree = "<group>"; };
/* End PBXFileReference section */

/* Begin PBXFrameworksBuildPhase section */
		BD858C84250411EB008FA76A /* Frameworks */ = {
			isa = PBXFrameworksBuildPhase;
			buildActionMask = 2147483647;
			files = (
			);
			runOnlyForDeploymentPostprocessing = 0;
		};
/* End PBXFrameworksBuildPhase section */

/* Begin PBXGroup section */
		BD2443DC2504B792006197C5 /* Model */ = {
			isa = PBXGroup;
			children = (
				BD858CBD250434E7008FA76A /* GameDetailsModel.swift */,
			);
			path = Model;
			sourceTree = "<group>";
		};
		BD2443DD2504B7A3006197C5 /* Costant */ = {
			isa = PBXGroup;
			children = (
				BD858CAE25041C1F008FA76A /* Constant.swift */,
			);
			path = Costant;
			sourceTree = "<group>";
		};
		BD2443DE2504B7CA006197C5 /* CoreData */ = {
			isa = PBXGroup;
			children = (
				BD858CB8250433BD008FA76A /* GameDetail+CoreDataClass.swift */,
				BD858CB9250433BD008FA76A /* GameDetail+CoreDataProperties.swift */,
			);
			path = CoreData;
			sourceTree = "<group>";
		};
		BD858C7E250411EB008FA76A = {
			isa = PBXGroup;
			children = (
				BD858C89250411EB008FA76A /* Trivia App */,
				BD858C88250411EB008FA76A /* Products */,
			);
			sourceTree = "<group>";
		};
		BD858C88250411EB008FA76A /* Products */ = {
			isa = PBXGroup;
			children = (
				BD858C87250411EB008FA76A /* Trivia App.app */,
			);
			name = Products;
			sourceTree = "<group>";
		};
		BD858C89250411EB008FA76A /* Trivia App */ = {
			isa = PBXGroup;
			children = (
				BD2443DE2504B7CA006197C5 /* CoreData */,
				BD2443DD2504B7A3006197C5 /* Costant */,
				BD2443DC2504B792006197C5 /* Model */,
				BD858CBC250434DD008FA76A /* View */,
				BD858CA5250416CE008FA76A /* Controller */,
				BD858C8A250411EB008FA76A /* AppDelegate.swift */,
				BD858CA125041234008FA76A /* PersistenceService.swift */,
				BD858C8C250411EB008FA76A /* SceneDelegate.swift */,
				BD858C90250411EB008FA76A /* Main.storyboard */,
				BD858C96250411ED008FA76A /* Assets.xcassets */,
				BD858C98250411ED008FA76A /* LaunchScreen.storyboard */,
				BD858C9B250411ED008FA76A /* Info.plist */,
				BD858C93250411EB008FA76A /* Trivia_App.xcdatamodeld */,
			);
			path = "Trivia App";
			sourceTree = "<group>";
		};
		BD858CA5250416CE008FA76A /* Controller */ = {
			isa = PBXGroup;
			children = (
				BD858CA32504166F008FA76A /* HomeViewController.swift */,
				BD858CA6250416E8008FA76A /* RoundOneVC.swift */,
				BD858CA8250416F9008FA76A /* RoundTwoVC.swift */,
				BD858CAA25041710008FA76A /* ResultViewController.swift */,
				BD858CAC25041720008FA76A /* HistoryViewController.swift */,
			);
			path = Controller;
			sourceTree = "<group>";
		};
		BD858CBC250434DD008FA76A /* View */ = {
			isa = PBXGroup;
			children = (
				BD858CB025041FA1008FA76A /* CheckBoxCell.swift */,
				BD858CB125041FA1008FA76A /* CheckBoxCell.xib */,
				BD858CB425042915008FA76A /* HistoryCell.swift */,
				BD858CB525042915008FA76A /* HistoryCell.xib */,
			);
			path = View;
			sourceTree = "<group>";
		};
/* End PBXGroup section */

/* Begin PBXNativeTarget section */
		BD858C86250411EB008FA76A /* Trivia App */ = {
			isa = PBXNativeTarget;
			buildConfigurationList = BD858C9E250411ED008FA76A /* Build configuration list for PBXNativeTarget "Trivia App" */;
			buildPhases = (
				BD858C83250411EB008FA76A /* Sources */,
				BD858C84250411EB008FA76A /* Frameworks */,
				BD858C85250411EB008FA76A /* Resources */,
			);
			buildRules = (
			);
			dependencies = (
			);
			name = "Trivia App";
			productName = "Trivia App";
			productReference = BD858C87250411EB008FA76A /* Trivia App.app */;
			productType = "com.apple.product-type.application";
		};
/* End PBXNativeTarget section */

/* Begin PBXProject section */
		BD858C7F250411EB008FA76A /* Project object */ = {
			isa = PBXProject;
			attributes = {
				LastSwiftUpdateCheck = 1140;
				LastUpgradeCheck = 1140;
				ORGANIZATIONNAME = "heena thapar";
				TargetAttributes = {
					BD858C86250411EB008FA76A = {
						CreatedOnToolsVersion = 11.4.1;
					};
				};
			};
			buildConfigurationList = BD858C82250411EB008FA76A /* Build configuration list for PBXProject "Trivia App" */;
			compatibilityVersion = "Xcode 9.3";
			developmentRegion = en;
			hasScannedForEncodings = 0;
			knownRegions = (
				en,
				Base,
			);
			mainGroup = BD858C7E250411EB008FA76A;
			productRefGroup = BD858C88250411EB008FA76A /* Products */;
			projectDirPath = "";
			projectRoot = "";
			targets = (
				BD858C86250411EB008FA76A /* Trivia App */,
			);
		};
/* End PBXProject section */

/* Begin PBXResourcesBuildPhase section */
		BD858C85250411EB008FA76A /* Resources */ = {
			isa = PBXResourcesBuildPhase;
			buildActionMask = 2147483647;
			files = (
				BD858CB725042915008FA76A /* HistoryCell.xib in Resources */,
				BD858CB325041FA1008FA76A /* CheckBoxCell.xib in Resources */,
				BD858C9A250411ED008FA76A /* LaunchScreen.storyboard in Resources */,
				BD858C97250411ED008FA76A /* Assets.xcassets in Resources */,
				BD858C92250411EB008FA76A /* Main.storyboard in Resources */,
			);
			runOnlyForDeploymentPostprocessing = 0;
		};
/* End PBXResourcesBuildPhase section */

/* Begin PBXSourcesBuildPhase section */
		BD858C83250411EB008FA76A /* Sources */ = {
			isa = PBXSourcesBuildPhase;
			buildActionMask = 2147483647;
			files = (
				BD858CA42504166F008FA76A /* HomeViewController.swift in Sources */,
				BD858CA225041234008FA76A /* PersistenceService.swift in Sources */,
				BD858CA7250416E8008FA76A /* RoundOneVC.swift in Sources */,
				BD858CAB25041710008FA76A /* ResultViewController.swift in Sources */,
				BD858C8B250411EB008FA76A /* AppDelegate.swift in Sources */,
				BD858CA9250416F9008FA76A /* RoundTwoVC.swift in Sources */,
				BD858CB625042915008FA76A /* HistoryCell.swift in Sources */,
				BD858CB225041FA1008FA76A /* CheckBoxCell.swift in Sources */,
				BD858CBA250433BD008FA76A /* GameDetail+CoreDataClass.swift in Sources */,
				BD858CAD25041720008FA76A /* HistoryViewController.swift in Sources */,
				BD858CBE250434E7008FA76A /* GameDetailsModel.swift in Sources */,
				BD858CAF25041C1F008FA76A /* Constant.swift in Sources */,
				BD858C95250411EB008FA76A /* Trivia_App.xcdatamodeld in Sources */,
				BD858CBB250433BD008FA76A /* GameDetail+CoreDataProperties.swift in Sources */,
				BD858C8D250411EB008FA76A /* SceneDelegate.swift in Sources */,
			);
			runOnlyForDeploymentPostprocessing = 0;
		};
/* End PBXSourcesBuildPhase section */

/* Begin PBXVariantGroup section */
		BD858C90250411EB008FA76A /* Main.storyboard */ = {
			isa = PBXVariantGroup;
			children = (
				BD858C91250411EB008FA76A /* Base */,
			);
			name = Main.storyboard;
			sourceTree = "<group>";
		};
		BD858C98250411ED008FA76A /* LaunchScreen.storyboard */ = {
			isa = PBXVariantGroup;
			children = (
				BD858C99250411ED008FA76A /* Base */,
			);
			name = LaunchScreen.storyboard;
			sourceTree = "<group>";
		};
/* End PBXVariantGroup section */

/* Begin XCBuildConfiguration section */
		BD858C9C250411ED008FA76A /* Debug */ = {
			isa = XCBuildConfiguration;
			buildSettings = {
				ALWAYS_SEARCH_USER_PATHS = NO;
				CLANG_ANALYZER_NONNULL = YES;
				CLANG_ANALYZER_NUMBER_OBJECT_CONVERSION = YES_AGGRESSIVE;
				CLANG_CXX_LANGUAGE_STANDARD = "gnu++14";
				CLANG_CXX_LIBRARY = "libc++";
				CLANG_ENABLE_MODULES = YES;
				CLANG_ENABLE_OBJC_ARC = YES;
				CLANG_ENABLE_OBJC_WEAK = YES;
				CLANG_WARN_BLOCK_CAPTURE_AUTORELEASING = YES;
				CLANG_WARN_BOOL_CONVERSION = YES;
				CLANG_WARN_COMMA = YES;
				CLANG_WARN_CONSTANT_CONVERSION = YES;
				CLANG_WARN_DEPRECATED_OBJC_IMPLEMENTATIONS = YES;
				CLANG_WARN_DIRECT_OBJC_ISA_USAGE = YES_ERROR;
				CLANG_WARN_DOCUMENTATION_COMMENTS = YES;
				CLANG_WARN_EMPTY_BODY = YES;
				CLANG_WARN_ENUM_CONVERSION = YES;
				CLANG_WARN_INFINITE_RECURSION = YES;
				CLANG_WARN_INT_CONVERSION = YES;
				CLANG_WARN_NON_LITERAL_NULL_CONVERSION = YES;
				CLANG_WARN_OBJC_IMPLICIT_RETAIN_SELF = YES;
				CLANG_WARN_OBJC_LITERAL_CONVERSION = YES;
				CLANG_WARN_OBJC_ROOT_CLASS = YES_ERROR;
				CLANG_WARN_RANGE_LOOP_ANALYSIS = YES;
				CLANG_WARN_STRICT_PROTOTYPES = YES;
				CLANG_WARN_SUSPICIOUS_MOVE = YES;
				CLANG_WARN_UNGUARDED_AVAILABILITY = YES_AGGRESSIVE;
				CLANG_WARN_UNREACHABLE_CODE = YES;
				CLANG_WARN__DUPLICATE_METHOD_MATCH = YES;
				COPY_PHASE_STRIP = NO;
				DEBUG_INFORMATION_FORMAT = dwarf;
				ENABLE_STRICT_OBJC_MSGSEND = YES;
				ENABLE_TESTABILITY = YES;
				GCC_C_LANGUAGE_STANDARD = gnu11;
				GCC_DYNAMIC_NO_PIC = NO;
				GCC_NO_COMMON_BLOCKS = YES;
				GCC_OPTIMIZATION_LEVEL = 0;
				GCC_PREPROCESSOR_DEFINITIONS = (
					"DEBUG=1",
					"$(inherited)",
				);
				GCC_WARN_64_TO_32_BIT_CONVERSION = YES;
				GCC_WARN_ABOUT_RETURN_TYPE = YES_ERROR;
				GCC_WARN_UNDECLARED_SELECTOR = YES;
				GCC_WARN_UNINITIALIZED_AUTOS = YES_AGGRESSIVE;
				GCC_WARN_UNUSED_FUNCTION = YES;
				GCC_WARN_UNUSED_VARIABLE = YES;
				IPHONEOS_DEPLOYMENT_TARGET = 13.4;
				MTL_ENABLE_DEBUG_INFO = INCLUDE_SOURCE;
				MTL_FAST_MATH = YES;
				ONLY_ACTIVE_ARCH = YES;
				SDKROOT = iphoneos;
				SWIFT_ACTIVE_COMPILATION_CONDITIONS = DEBUG;
				SWIFT_OPTIMIZATION_LEVEL = "-Onone";
			};
			name = Debug;
		};
		BD858C9D250411ED008FA76A /* Release */ = {
			isa = XCBuildConfiguration;
			buildSettings = {
				ALWAYS_SEARCH_USER_PATHS = NO;
				CLANG_ANALYZER_NONNULL = YES;
				CLANG_ANALYZER_NUMBER_OBJECT_CONVERSION = YES_AGGRESSIVE;
				CLANG_CXX_LANGUAGE_STANDARD = "gnu++14";
				CLANG_CXX_LIBRARY = "libc++";
				CLANG_ENABLE_MODULES = YES;
				CLANG_ENABLE_OBJC_ARC = YES;
				CLANG_ENABLE_OBJC_WEAK = YES;
				CLANG_WARN_BLOCK_CAPTURE_AUTORELEASING = YES;
				CLANG_WARN_BOOL_CONVERSION = YES;
				CLANG_WARN_COMMA = YES;
				CLANG_WARN_CONSTANT_CONVERSION = YES;
				CLANG_WARN_DEPRECATED_OBJC_IMPLEMENTATIONS = YES;
				CLANG_WARN_DIRECT_OBJC_ISA_USAGE = YES_ERROR;
				CLANG_WARN_DOCUMENTATION_COMMENTS = YES;
				CLANG_WARN_EMPTY_BODY = YES;
				CLANG_WARN_ENUM_CONVERSION = YES;
				CLANG_WARN_INFINITE_RECURSION = YES;
				CLANG_WARN_INT_CONVERSION = YES;
				CLANG_WARN_NON_LITERAL_NULL_CONVERSION = YES;
				CLANG_WARN_OBJC_IMPLICIT_RETAIN_SELF = YES;
				CLANG_WARN_OBJC_LITERAL_CONVERSION = YES;
				CLANG_WARN_OBJC_ROOT_CLASS = YES_ERROR;
				CLANG_WARN_RANGE_LOOP_ANALYSIS = YES;
				CLANG_WARN_STRICT_PROTOTYPES = YES;
				CLANG_WARN_SUSPICIOUS_MOVE = YES;
				CLANG_WARN_UNGUARDED_AVAILABILITY = YES_AGGRESSIVE;
				CLANG_WARN_UNREACHABLE_CODE = YES;
				CLANG_WARN__DUPLICATE_METHOD_MATCH = YES;
				COPY_PHASE_STRIP = NO;
				DEBUG_INFORMATION_FORMAT = "dwarf-with-dsym";
				ENABLE_NS_ASSERTIONS = NO;
				ENABLE_STRICT_OBJC_MSGSEND = YES;
				GCC_C_LANGUAGE_STANDARD = gnu11;
				GCC_NO_COMMON_BLOCKS = YES;
				GCC_WARN_64_TO_32_BIT_CONVERSION = YES;
				GCC_WARN_ABOUT_RETURN_TYPE = YES_ERROR;
				GCC_WARN_UNDECLARED_SELECTOR = YES;
				GCC_WARN_UNINITIALIZED_AUTOS = YES_AGGRESSIVE;
				GCC_WARN_UNUSED_FUNCTION = YES;
				GCC_WARN_UNUSED_VARIABLE = YES;
				IPHONEOS_DEPLOYMENT_TARGET = 13.4;
				MTL_ENABLE_DEBUG_INFO = NO;
				MTL_FAST_MATH = YES;
				SDKROOT = iphoneos;
				SWIFT_COMPILATION_MODE = wholemodule;
				SWIFT_OPTIMIZATION_LEVEL = "-O";
				VALIDATE_PRODUCT = YES;
			};
			name = Release;
		};
		BD858C9F250411ED008FA76A /* Debug */ = {
			isa = XCBuildConfiguration;
			buildSettings = {
				ASSETCATALOG_COMPILER_APPICON_NAME = AppIcon;
				CODE_SIGN_STYLE = Automatic;
				INFOPLIST_FILE = "Trivia App/Info.plist";
				LD_RUNPATH_SEARCH_PATHS = (
					"$(inherited)",
					"@executable_path/Frameworks",
				);
				PRODUCT_BUNDLE_IDENTIFIER = "com.clicklabs.macApp.Trivia-App";
				PRODUCT_NAME = "$(TARGET_NAME)";
				SWIFT_VERSION = 5.0;
				TARGETED_DEVICE_FAMILY = "1,2";
			};
			name = Debug;
		};
		BD858CA0250411ED008FA76A /* Release */ = {
			isa = XCBuildConfiguration;
			buildSettings = {
				ASSETCATALOG_COMPILER_APPICON_NAME = AppIcon;
				CODE_SIGN_STYLE = Automatic;
				INFOPLIST_FILE = "Trivia App/Info.plist";
				LD_RUNPATH_SEARCH_PATHS = (
					"$(inherited)",
					"@executable_path/Frameworks",
				);
				PRODUCT_BUNDLE_IDENTIFIER = "com.clicklabs.macApp.Trivia-App";
				PRODUCT_NAME = "$(TARGET_NAME)";
				SWIFT_VERSION = 5.0;
				TARGETED_DEVICE_FAMILY = "1,2";
			};
			name = Release;
		};
/* End XCBuildConfiguration section */

/* Begin XCConfigurationList section */
		BD858C82250411EB008FA76A /* Build configuration list for PBXProject "Trivia App" */ = {
			isa = XCConfigurationList;
			buildConfigurations = (
				BD858C9C250411ED008FA76A /* Debug */,
				BD858C9D250411ED008FA76A /* Release */,
			);
			defaultConfigurationIsVisible = 0;
			defaultConfigurationName = Release;
		};
		BD858C9E250411ED008FA76A /* Build configuration list for PBXNativeTarget "Trivia App" */ = {
			isa = XCConfigurationList;
			buildConfigurations = (
				BD858C9F250411ED008FA76A /* Debug */,
				BD858CA0250411ED008FA76A /* Release */,
			);
			defaultConfigurationIsVisible = 0;
			defaultConfigurationName = Release;
		};
/* End XCConfigurationList section */

/* Begin XCVersionGroup section */
		BD858C93250411EB008FA76A /* Trivia_App.xcdatamodeld */ = {
			isa = XCVersionGroup;
			children = (
				BD858C94250411EB008FA76A /* Trivia_App.xcdatamodel */,
			);
			currentVersion = BD858C94250411EB008FA76A /* Trivia_App.xcdatamodel */;
			path = Trivia_App.xcdatamodeld;
			sourceTree = "<group>";
			versionGroupType = wrapper.xcdatamodel;
		};
/* End XCVersionGroup section */
	};
	rootObject = BD858C7F250411EB008FA76A /* Project object */;
}
